// !$*UTF8*$!
{
	archiveVersion = 1;
	classes = {
	};
	objectVersion = 50;
	objects = {

/* Begin PBXBuildFile section */
		E50B763620F2C533005218E5 /* AppDelegate.swift in Sources */ = {isa = PBXBuildFile; fileRef = E50B763520F2C533005218E5 /* AppDelegate.swift */; };
		E50B763820F2C533005218E5 /* ViewController.swift in Sources */ = {isa = PBXBuildFile; fileRef = E50B763720F2C533005218E5 /* ViewController.swift */; };
		E50B763B20F2C533005218E5 /* Main.storyboard in Resources */ = {isa = PBXBuildFile; fileRef = E50B763920F2C533005218E5 /* Main.storyboard */; };
		E50B763D20F2C537005218E5 /* Assets.xcassets in Resources */ = {isa = PBXBuildFile; fileRef = E50B763C20F2C537005218E5 /* Assets.xcassets */; };
		E50B764020F2C537005218E5 /* LaunchScreen.storyboard in Resources */ = {isa = PBXBuildFile; fileRef = E50B763E20F2C537005218E5 /* LaunchScreen.storyboard */; };
		E50B764B20F2C537005218E5 /* Easy_Auto_LayoutTests.swift in Sources */ = {isa = PBXBuildFile; fileRef = E50B764A20F2C537005218E5 /* Easy_Auto_LayoutTests.swift */; };
		E50B765620F2C537005218E5 /* Easy_Auto_LayoutUITests.swift in Sources */ = {isa = PBXBuildFile; fileRef = E50B765520F2C537005218E5 /* Easy_Auto_LayoutUITests.swift */; };
		E50B766520F2C731005218E5 /* UIAnchor.swift in Sources */ = {isa = PBXBuildFile; fileRef = E50B766420F2C731005218E5 /* UIAnchor.swift */; };
/* End PBXBuildFile section */

/* Begin PBXContainerItemProxy section */
		E50B764720F2C537005218E5 /* PBXContainerItemProxy */ = {
			isa = PBXContainerItemProxy;
			containerPortal = E50B762A20F2C533005218E5 /* Project object */;
			proxyType = 1;
			remoteGlobalIDString = E50B763120F2C533005218E5;
			remoteInfo = "Easy Auto Layout";
		};
		E50B765220F2C537005218E5 /* PBXContainerItemProxy */ = {
			isa = PBXContainerItemProxy;
			containerPortal = E50B762A20F2C533005218E5 /* Project object */;
			proxyType = 1;
			remoteGlobalIDString = E50B763120F2C533005218E5;
			remoteInfo = "Easy Auto Layout";
		};
/* End PBXContainerItemProxy section */

/* Begin PBXFileReference section */
		E50B763220F2C533005218E5 /* Easy Auto Layout.app */ = {isa = PBXFileReference; explicitFileType = wrapper.application; includeInIndex = 0; path = "Easy Auto Layout.app"; sourceTree = BUILT_PRODUCTS_DIR; };
		E50B763520F2C533005218E5 /* AppDelegate.swift */ = {isa = PBXFileReference; lastKnownFileType = sourcecode.swift; path = AppDelegate.swift; sourceTree = "<group>"; };
		E50B763720F2C533005218E5 /* ViewController.swift */ = {isa = PBXFileReference; lastKnownFileType = sourcecode.swift; path = ViewController.swift; sourceTree = "<group>"; };
		E50B763A20F2C533005218E5 /* Base */ = {isa = PBXFileReference; lastKnownFileType = file.storyboard; name = Base; path = Base.lproj/Main.storyboard; sourceTree = "<group>"; };
		E50B763C20F2C537005218E5 /* Assets.xcassets */ = {isa = PBXFileReference; lastKnownFileType = folder.assetcatalog; path = Assets.xcassets; sourceTree = "<group>"; };
		E50B763F20F2C537005218E5 /* Base */ = {isa = PBXFileReference; lastKnownFileType = file.storyboard; name = Base; path = Base.lproj/LaunchScreen.storyboard; sourceTree = "<group>"; };
		E50B764120F2C537005218E5 /* Info.plist */ = {isa = PBXFileReference; lastKnownFileType = text.plist.xml; path = Info.plist; sourceTree = "<group>"; };
		E50B764620F2C537005218E5 /* Easy Auto LayoutTests.xctest */ = {isa = PBXFileReference; explicitFileType = wrapper.cfbundle; includeInIndex = 0; path = "Easy Auto LayoutTests.xctest"; sourceTree = BUILT_PRODUCTS_DIR; };
		E50B764A20F2C537005218E5 /* Easy_Auto_LayoutTests.swift */ = {isa = PBXFileReference; lastKnownFileType = sourcecode.swift; path = Easy_Auto_LayoutTests.swift; sourceTree = "<group>"; };
		E50B764C20F2C537005218E5 /* Info.plist */ = {isa = PBXFileReference; lastKnownFileType = text.plist.xml; path = Info.plist; sourceTree = "<group>"; };
		E50B765120F2C537005218E5 /* Easy Auto LayoutUITests.xctest */ = {isa = PBXFileReference; explicitFileType = wrapper.cfbundle; includeInIndex = 0; path = "Easy Auto LayoutUITests.xctest"; sourceTree = BUILT_PRODUCTS_DIR; };
		E50B765520F2C537005218E5 /* Easy_Auto_LayoutUITests.swift */ = {isa = PBXFileReference; lastKnownFileType = sourcecode.swift; path = Easy_Auto_LayoutUITests.swift; sourceTree = "<group>"; };
		E50B765720F2C537005218E5 /* Info.plist */ = {isa = PBXFileReference; lastKnownFileType = text.plist.xml; path = Info.plist; sourceTree = "<group>"; };
		E50B766420F2C731005218E5 /* UIAnchor.swift */ = {isa = PBXFileReference; lastKnownFileType = sourcecode.swift; path = UIAnchor.swift; sourceTree = "<group>"; };
/* End PBXFileReference section */

/* Begin PBXFrameworksBuildPhase section */
		E50B762F20F2C533005218E5 /* Frameworks */ = {
			isa = PBXFrameworksBuildPhase;
			buildActionMask = 2147483647;
			files = (
			);
			runOnlyForDeploymentPostprocessing = 0;
		};
		E50B764320F2C537005218E5 /* Frameworks */ = {
			isa = PBXFrameworksBuildPhase;
			buildActionMask = 2147483647;
			files = (
			);
			runOnlyForDeploymentPostprocessing = 0;
		};
		E50B764E20F2C537005218E5 /* Frameworks */ = {
			isa = PBXFrameworksBuildPhase;
			buildActionMask = 2147483647;
			files = (
			);
			runOnlyForDeploymentPostprocessing = 0;
		};
/* End PBXFrameworksBuildPhase section */

/* Begin PBXGroup section */
		E50B762920F2C533005218E5 = {
			isa = PBXGroup;
			children = (
				E50B763420F2C533005218E5 /* Easy Auto Layout */,
				E50B764920F2C537005218E5 /* Easy Auto LayoutTests */,
				E50B765420F2C537005218E5 /* Easy Auto LayoutUITests */,
				E50B763320F2C533005218E5 /* Products */,
			);
			sourceTree = "<group>";
		};
		E50B763320F2C533005218E5 /* Products */ = {
			isa = PBXGroup;
			children = (
				E50B763220F2C533005218E5 /* Easy Auto Layout.app */,
				E50B764620F2C537005218E5 /* Easy Auto LayoutTests.xctest */,
				E50B765120F2C537005218E5 /* Easy Auto LayoutUITests.xctest */,
			);
			name = Products;
			sourceTree = "<group>";
		};
		E50B763420F2C533005218E5 /* Easy Auto Layout */ = {
			isa = PBXGroup;
			children = (
				E50B763520F2C533005218E5 /* AppDelegate.swift */,
				E50B763720F2C533005218E5 /* ViewController.swift */,
				E50B763920F2C533005218E5 /* Main.storyboard */,
				E50B763C20F2C537005218E5 /* Assets.xcassets */,
				E50B763E20F2C537005218E5 /* LaunchScreen.storyboard */,
				E50B764120F2C537005218E5 /* Info.plist */,
				E50B766320F2C6F7005218E5 /* Extensions */,
			);
			path = "Easy Auto Layout";
			sourceTree = "<group>";
		};
		E50B764920F2C537005218E5 /* Easy Auto LayoutTests */ = {
			isa = PBXGroup;
			children = (
				E50B764A20F2C537005218E5 /* Easy_Auto_LayoutTests.swift */,
				E50B764C20F2C537005218E5 /* Info.plist */,
			);
			path = "Easy Auto LayoutTests";
			sourceTree = "<group>";
		};
		E50B765420F2C537005218E5 /* Easy Auto LayoutUITests */ = {
			isa = PBXGroup;
			children = (
				E50B765520F2C537005218E5 /* Easy_Auto_LayoutUITests.swift */,
				E50B765720F2C537005218E5 /* Info.plist */,
			);
			path = "Easy Auto LayoutUITests";
			sourceTree = "<group>";
		};
		E50B766320F2C6F7005218E5 /* Extensions */ = {
			isa = PBXGroup;
			children = (
				E50B766420F2C731005218E5 /* UIAnchor.swift */,
			);
			path = Extensions;
			sourceTree = "<group>";
		};
/* End PBXGroup section */

/* Begin PBXNativeTarget section */
		E50B763120F2C533005218E5 /* Easy Auto Layout */ = {
			isa = PBXNativeTarget;
			buildConfigurationList = E50B765A20F2C537005218E5 /* Build configuration list for PBXNativeTarget "Easy Auto Layout" */;
			buildPhases = (
				E50B762E20F2C533005218E5 /* Sources */,
				E50B762F20F2C533005218E5 /* Frameworks */,
				E50B763020F2C533005218E5 /* Resources */,
			);
			buildRules = (
			);
			dependencies = (
			);
			name = "Easy Auto Layout";
			productName = "Easy Auto Layout";
			productReference = E50B763220F2C533005218E5 /* Easy Auto Layout.app */;
			productType = "com.apple.product-type.application";
		};
		E50B764520F2C537005218E5 /* Easy Auto LayoutTests */ = {
			isa = PBXNativeTarget;
			buildConfigurationList = E50B765D20F2C537005218E5 /* Build configuration list for PBXNativeTarget "Easy Auto LayoutTests" */;
			buildPhases = (
				E50B764220F2C537005218E5 /* Sources */,
				E50B764320F2C537005218E5 /* Frameworks */,
				E50B764420F2C537005218E5 /* Resources */,
			);
			buildRules = (
			);
			dependencies = (
				E50B764820F2C537005218E5 /* PBXTargetDependency */,
			);
			name = "Easy Auto LayoutTests";
			productName = "Easy Auto LayoutTests";
			productReference = E50B764620F2C537005218E5 /* Easy Auto LayoutTests.xctest */;
			productType = "com.apple.product-type.bundle.unit-test";
		};
		E50B765020F2C537005218E5 /* Easy Auto LayoutUITests */ = {
			isa = PBXNativeTarget;
			buildConfigurationList = E50B766020F2C537005218E5 /* Build configuration list for PBXNativeTarget "Easy Auto LayoutUITests" */;
			buildPhases = (
				E50B764D20F2C537005218E5 /* Sources */,
				E50B764E20F2C537005218E5 /* Frameworks */,
				E50B764F20F2C537005218E5 /* Resources */,
			);
			buildRules = (
			);
			dependencies = (
				E50B765320F2C537005218E5 /* PBXTargetDependency */,
			);
			name = "Easy Auto LayoutUITests";
			productName = "Easy Auto LayoutUITests";
			productReference = E50B765120F2C537005218E5 /* Easy Auto LayoutUITests.xctest */;
			productType = "com.apple.product-type.bundle.ui-testing";
		};
/* End PBXNativeTarget section */

/* Begin PBXProject section */
		E50B762A20F2C533005218E5 /* Project object */ = {
			isa = PBXProject;
			attributes = {
				LastSwiftUpdateCheck = 0930;
				LastUpgradeCheck = 0930;
				ORGANIZATIONNAME = "Sandeep Kumar  Yaramchitti";
				TargetAttributes = {
					E50B763120F2C533005218E5 = {
						CreatedOnToolsVersion = 9.3.1;
					};
					E50B764520F2C537005218E5 = {
						CreatedOnToolsVersion = 9.3.1;
						TestTargetID = E50B763120F2C533005218E5;
					};
					E50B765020F2C537005218E5 = {
						CreatedOnToolsVersion = 9.3.1;
						TestTargetID = E50B763120F2C533005218E5;
					};
				};
			};
			buildConfigurationList = E50B762D20F2C533005218E5 /* Build configuration list for PBXProject "Easy Auto Layout" */;
			compatibilityVersion = "Xcode 9.3";
			developmentRegion = en;
			hasScannedForEncodings = 0;
			knownRegions = (
				en,
				Base,
			);
			mainGroup = E50B762920F2C533005218E5;
			productRefGroup = E50B763320F2C533005218E5 /* Products */;
			projectDirPath = "";
			projectRoot = "";
			targets = (
				E50B763120F2C533005218E5 /* Easy Auto Layout */,
				E50B764520F2C537005218E5 /* Easy Auto LayoutTests */,
				E50B765020F2C537005218E5 /* Easy Auto LayoutUITests */,
			);
		};
/* End PBXProject section */

/* Begin PBXResourcesBuildPhase section */
		E50B763020F2C533005218E5 /* Resources */ = {
			isa = PBXResourcesBuildPhase;
			buildActionMask = 2147483647;
			files = (
				E50B764020F2C537005218E5 /* LaunchScreen.storyboard in Resources */,
				E50B763D20F2C537005218E5 /* Assets.xcassets in Resources */,
				E50B763B20F2C533005218E5 /* Main.storyboard in Resources */,
			);
			runOnlyForDeploymentPostprocessing = 0;
		};
		E50B764420F2C537005218E5 /* Resources */ = {
			isa = PBXResourcesBuildPhase;
			buildActionMask = 2147483647;
			files = (
			);
			runOnlyForDeploymentPostprocessing = 0;
		};
		E50B764F20F2C537005218E5 /* Resources */ = {
			isa = PBXResourcesBuildPhase;
			buildActionMask = 2147483647;
			files = (
			);
			runOnlyForDeploymentPostprocessing = 0;
		};
/* End PBXResourcesBuildPhase section */

/* Begin PBXSourcesBuildPhase section */
		E50B762E20F2C533005218E5 /* Sources */ = {
			isa = PBXSourcesBuildPhase;
			buildActionMask = 2147483647;
			files = (
				E50B766520F2C731005218E5 /* UIAnchor.swift in Sources */,
				E50B763820F2C533005218E5 /* ViewController.swift in Sources */,
				E50B763620F2C533005218E5 /* AppDelegate.swift in Sources */,
			);
			runOnlyForDeploymentPostprocessing = 0;
		};
		E50B764220F2C537005218E5 /* Sources */ = {
			isa = PBXSourcesBuildPhase;
			buildActionMask = 2147483647;
			files = (
				E50B764B20F2C537005218E5 /* Easy_Auto_LayoutTests.swift in Sources */,
			);
			runOnlyForDeploymentPostprocessing = 0;
		};
		E50B764D20F2C537005218E5 /* Sources */ = {
			isa = PBXSourcesBuildPhase;
			buildActionMask = 2147483647;
			files = (
				E50B765620F2C537005218E5 /* Easy_Auto_LayoutUITests.swift in Sources */,
			);
			runOnlyForDeploymentPostprocessing = 0;
		};
/* End PBXSourcesBuildPhase section */

/* Begin PBXTargetDependency section */
		E50B764820F2C537005218E5 /* PBXTargetDependency */ = {
			isa = PBXTargetDependency;
			target = E50B763120F2C533005218E5 /* Easy Auto Layout */;
			targetProxy = E50B764720F2C537005218E5 /* PBXContainerItemProxy */;
		};
		E50B765320F2C537005218E5 /* PBXTargetDependency */ = {
			isa = PBXTargetDependency;
			target = E50B763120F2C533005218E5 /* Easy Auto Layout */;
			targetProxy = E50B765220F2C537005218E5 /* PBXContainerItemProxy */;
		};
/* End PBXTargetDependency section */

/* Begin PBXVariantGroup section */
		E50B763920F2C533005218E5 /* Main.storyboard */ = {
			isa = PBXVariantGroup;
			children = (
				E50B763A20F2C533005218E5 /* Base */,
			);
			name = Main.storyboard;
			sourceTree = "<group>";
		};
		E50B763E20F2C537005218E5 /* LaunchScreen.storyboard */ = {
			isa = PBXVariantGroup;
			children = (
				E50B763F20F2C537005218E5 /* Base */,
			);
			name = LaunchScreen.storyboard;
			sourceTree = "<group>";
		};
/* End PBXVariantGroup section */

/* Begin XCBuildConfiguration section */
		E50B765820F2C537005218E5 /* Debug */ = {
			isa = XCBuildConfiguration;
			buildSettings = {
				ALWAYS_SEARCH_USER_PATHS = NO;
				CLANG_ANALYZER_NONNULL = YES;
				CLANG_ANALYZER_NUMBER_OBJECT_CONVERSION = YES_AGGRESSIVE;
				CLANG_CXX_LANGUAGE_STANDARD = "gnu++14";
				CLANG_CXX_LIBRARY = "libc++";
				CLANG_ENABLE_MODULES = YES;
				CLANG_ENABLE_OBJC_ARC = YES;
				CLANG_ENABLE_OBJC_WEAK = YES;
				CLANG_WARN_BLOCK_CAPTURE_AUTORELEASING = YES;
				CLANG_WARN_BOOL_CONVERSION = YES;
				CLANG_WARN_COMMA = YES;
				CLANG_WARN_CONSTANT_CONVERSION = YES;
				CLANG_WARN_DEPRECATED_OBJC_IMPLEMENTATIONS = YES;
				CLANG_WARN_DIRECT_OBJC_ISA_USAGE = YES_ERROR;
				CLANG_WARN_DOCUMENTATION_COMMENTS = YES;
				CLANG_WARN_EMPTY_BODY = YES;
				CLANG_WARN_ENUM_CONVERSION = YES;
				CLANG_WARN_INFINITE_RECURSION = YES;
				CLANG_WARN_INT_CONVERSION = YES;
				CLANG_WARN_NON_LITERAL_NULL_CONVERSION = YES;
				CLANG_WARN_OBJC_IMPLICIT_RETAIN_SELF = YES;
				CLANG_WARN_OBJC_LITERAL_CONVERSION = YES;
				CLANG_WARN_OBJC_ROOT_CLASS = YES_ERROR;
				CLANG_WARN_RANGE_LOOP_ANALYSIS = YES;
				CLANG_WARN_STRICT_PROTOTYPES = YES;
				CLANG_WARN_SUSPICIOUS_MOVE = YES;
				CLANG_WARN_UNGUARDED_AVAILABILITY = YES_AGGRESSIVE;
				CLANG_WARN_UNREACHABLE_CODE = YES;
				CLANG_WARN__DUPLICATE_METHOD_MATCH = YES;
				CODE_SIGN_IDENTITY = "iPhone Developer";
				COPY_PHASE_STRIP = NO;
				DEBUG_INFORMATION_FORMAT = dwarf;
				ENABLE_STRICT_OBJC_MSGSEND = YES;
				ENABLE_TESTABILITY = YES;
				GCC_C_LANGUAGE_STANDARD = gnu11;
				GCC_DYNAMIC_NO_PIC = NO;
				GCC_NO_COMMON_BLOCKS = YES;
				GCC_OPTIMIZATION_LEVEL = 0;
				GCC_PREPROCESSOR_DEFINITIONS = (
					"DEBUG=1",
					"$(inherited)",
				);
				GCC_WARN_64_TO_32_BIT_CONVERSION = YES;
				GCC_WARN_ABOUT_RETURN_TYPE = YES_ERROR;
				GCC_WARN_UNDECLARED_SELECTOR = YES;
				GCC_WARN_UNINITIALIZED_AUTOS = YES_AGGRESSIVE;
				GCC_WARN_UNUSED_FUNCTION = YES;
				GCC_WARN_UNUSED_VARIABLE = YES;
				IPHONEOS_DEPLOYMENT_TARGET = 11.3;
				MTL_ENABLE_DEBUG_INFO = YES;
				ONLY_ACTIVE_ARCH = YES;
				SDKROOT = iphoneos;
				SWIFT_ACTIVE_COMPILATION_CONDITIONS = DEBUG;
				SWIFT_OPTIMIZATION_LEVEL = "-Onone";
			};
			name = Debug;
		};
		E50B765920F2C537005218E5 /* Release */ = {
			isa = XCBuildConfiguration;
			buildSettings = {
				ALWAYS_SEARCH_USER_PATHS = NO;
				CLANG_ANALYZER_NONNULL = YES;
				CLANG_ANALYZER_NUMBER_OBJECT_CONVERSION = YES_AGGRESSIVE;
				CLANG_CXX_LANGUAGE_STANDARD = "gnu++14";
				CLANG_CXX_LIBRARY = "libc++";
				CLANG_ENABLE_MODULES = YES;
				CLANG_ENABLE_OBJC_ARC = YES;
				CLANG_ENABLE_OBJC_WEAK = YES;
				CLANG_WARN_BLOCK_CAPTURE_AUTORELEASING = YES;
				CLANG_WARN_BOOL_CONVERSION = YES;
				CLANG_WARN_COMMA = YES;
				CLANG_WARN_CONSTANT_CONVERSION = YES;
				CLANG_WARN_DEPRECATED_OBJC_IMPLEMENTATIONS = YES;
				CLANG_WARN_DIRECT_OBJC_ISA_USAGE = YES_ERROR;
				CLANG_WARN_DOCUMENTATION_COMMENTS = YES;
				CLANG_WARN_EMPTY_BODY = YES;
				CLANG_WARN_ENUM_CONVERSION = YES;
				CLANG_WARN_INFINITE_RECURSION = YES;
				CLANG_WARN_INT_CONVERSION = YES;
				CLANG_WARN_NON_LITERAL_NULL_CONVERSION = YES;
				CLANG_WARN_OBJC_IMPLICIT_RETAIN_SELF = YES;
				CLANG_WARN_OBJC_LITERAL_CONVERSION = YES;
				CLANG_WARN_OBJC_ROOT_CLASS = YES_ERROR;
				CLANG_WARN_RANGE_LOOP_ANALYSIS = YES;
				CLANG_WARN_STRICT_PROTOTYPES = YES;
				CLANG_WARN_SUSPICIOUS_MOVE = YES;
				CLANG_WARN_UNGUARDED_AVAILABILITY = YES_AGGRESSIVE;
				CLANG_WARN_UNREACHABLE_CODE = YES;
				CLANG_WARN__DUPLICATE_METHOD_MATCH = YES;
				CODE_SIGN_IDENTITY = "iPhone Developer";
				COPY_PHASE_STRIP = NO;
				DEBUG_INFORMATION_FORMAT = "dwarf-with-dsym";
				ENABLE_NS_ASSERTIONS = NO;
				ENABLE_STRICT_OBJC_MSGSEND = YES;
				GCC_C_LANGUAGE_STANDARD = gnu11;
				GCC_NO_COMMON_BLOCKS = YES;
				GCC_WARN_64_TO_32_BIT_CONVERSION = YES;
				GCC_WARN_ABOUT_RETURN_TYPE = YES_ERROR;
				GCC_WARN_UNDECLARED_SELECTOR = YES;
				GCC_WARN_UNINITIALIZED_AUTOS = YES_AGGRESSIVE;
				GCC_WARN_UNUSED_FUNCTION = YES;
				GCC_WARN_UNUSED_VARIABLE = YES;
				IPHONEOS_DEPLOYMENT_TARGET = 11.3;
				MTL_ENABLE_DEBUG_INFO = NO;
				SDKROOT = iphoneos;
				SWIFT_COMPILATION_MODE = wholemodule;
				SWIFT_OPTIMIZATION_LEVEL = "-O";
				VALIDATE_PRODUCT = YES;
			};
			name = Release;
		};
		E50B765B20F2C537005218E5 /* Debug */ = {
			isa = XCBuildConfiguration;
			buildSettings = {
				ASSETCATALOG_COMPILER_APPICON_NAME = AppIcon;
				CODE_SIGN_STYLE = Automatic;
				DEVELOPMENT_TEAM = QJ4P333GMH;
				INFOPLIST_FILE = "Easy Auto Layout/Info.plist";
				LD_RUNPATH_SEARCH_PATHS = (
					"$(inherited)",
					"@executable_path/Frameworks",
				);
				PRODUCT_BUNDLE_IDENTIFIER = "com.sandeep.Easy-Auto-Layout";
				PRODUCT_NAME = "$(TARGET_NAME)";
				SWIFT_VERSION = 4.0;
				TARGETED_DEVICE_FAMILY = "1,2";
			};
			name = Debug;
		};
		E50B765C20F2C537005218E5 /* Release */ = {
			isa = XCBuildConfiguration;
			buildSettings = {
				ASSETCATALOG_COMPILER_APPICON_NAME = AppIcon;
				CODE_SIGN_STYLE = Automatic;
				DEVELOPMENT_TEAM = QJ4P333GMH;
				INFOPLIST_FILE = "Easy Auto Layout/Info.plist";
				LD_RUNPATH_SEARCH_PATHS = (
					"$(inherited)",
					"@executable_path/Frameworks",
				);
				PRODUCT_BUNDLE_IDENTIFIER = "com.sandeep.Easy-Auto-Layout";
				PRODUCT_NAME = "$(TARGET_NAME)";
				SWIFT_VERSION = 4.0;
				TARGETED_DEVICE_FAMILY = "1,2";
			};
			name = Release;
		};
		E50B765E20F2C537005218E5 /* Debug */ = {
			isa = XCBuildConfiguration;
			buildSettings = {
				ALWAYS_EMBED_SWIFT_STANDARD_LIBRARIES = YES;
				BUNDLE_LOADER = "$(TEST_HOST)";
				CODE_SIGN_STYLE = Automatic;
				DEVELOPMENT_TEAM = QJ4P333GMH;
				INFOPLIST_FILE = "Easy Auto LayoutTests/Info.plist";
				LD_RUNPATH_SEARCH_PATHS = (
					"$(inherited)",
					"@executable_path/Frameworks",
					"@loader_path/Frameworks",
				);
				PRODUCT_BUNDLE_IDENTIFIER = "com.sandeep.Easy-Auto-LayoutTests";
				PRODUCT_NAME = "$(TARGET_NAME)";
				SWIFT_VERSION = 4.0;
				TARGETED_DEVICE_FAMILY = "1,2";
				TEST_HOST = "$(BUILT_PRODUCTS_DIR)/Easy Auto Layout.app/Easy Auto Layout";
			};
			name = Debug;
		};
		E50B765F20F2C537005218E5 /* Release */ = {
			isa = XCBuildConfiguration;
			buildSettings = {
				ALWAYS_EMBED_SWIFT_STANDARD_LIBRARIES = YES;
				BUNDLE_LOADER = "$(TEST_HOST)";
				CODE_SIGN_STYLE = Automatic;
				DEVELOPMENT_TEAM = QJ4P333GMH;
				INFOPLIST_FILE = "Easy Auto LayoutTests/Info.plist";
				LD_RUNPATH_SEARCH_PATHS = (
					"$(inherited)",
					"@executable_path/Frameworks",
					"@loader_path/Frameworks",
				);
				PRODUCT_BUNDLE_IDENTIFIER = "com.sandeep.Easy-Auto-LayoutTests";
				PRODUCT_NAME = "$(TARGET_NAME)";
				SWIFT_VERSION = 4.0;
				TARGETED_DEVICE_FAMILY = "1,2";
				TEST_HOST = "$(BUILT_PRODUCTS_DIR)/Easy Auto Layout.app/Easy Auto Layout";
			};
			name = Release;
		};
		E50B766120F2C537005218E5 /* Debug */ = {
			isa = XCBuildConfiguration;
			buildSettings = {
				ALWAYS_EMBED_SWIFT_STANDARD_LIBRARIES = YES;
				CODE_SIGN_STYLE = Automatic;
				DEVELOPMENT_TEAM = QJ4P333GMH;
				INFOPLIST_FILE = "Easy Auto LayoutUITests/Info.plist";
				LD_RUNPATH_SEARCH_PATHS = (
					"$(inherited)",
					"@executable_path/Frameworks",
					"@loader_path/Frameworks",
				);
				PRODUCT_BUNDLE_IDENTIFIER = "com.sandeep.Easy-Auto-LayoutUITests";
				PRODUCT_NAME = "$(TARGET_NAME)";
				SWIFT_VERSION = 4.0;
				TARGETED_DEVICE_FAMILY = "1,2";
				TEST_TARGET_NAME = "Easy Auto Layout";
			};
			name = Debug;
		};
		E50B766220F2C537005218E5 /* Release */ = {
			isa = XCBuildConfiguration;
			buildSettings = {
				ALWAYS_EMBED_SWIFT_STANDARD_LIBRARIES = YES;
				CODE_SIGN_STYLE = Automatic;
				DEVELOPMENT_TEAM = QJ4P333GMH;
				INFOPLIST_FILE = "Easy Auto LayoutUITests/Info.plist";
				LD_RUNPATH_SEARCH_PATHS = (
					"$(inherited)",
					"@executable_path/Frameworks",
					"@loader_path/Frameworks",
				);
				PRODUCT_BUNDLE_IDENTIFIER = "com.sandeep.Easy-Auto-LayoutUITests";
				PRODUCT_NAME = "$(TARGET_NAME)";
				SWIFT_VERSION = 4.0;
				TARGETED_DEVICE_FAMILY = "1,2";
				TEST_TARGET_NAME = "Easy Auto Layout";
			};
			name = Release;
		};
/* End XCBuildConfiguration section */

/* Begin XCConfigurationList section */
		E50B762D20F2C533005218E5 /* Build configuration list for PBXProject "Easy Auto Layout" */ = {
			isa = XCConfigurationList;
			buildConfigurations = (
				E50B765820F2C537005218E5 /* Debug */,
				E50B765920F2C537005218E5 /* Release */,
			);
			defaultConfigurationIsVisible = 0;
			defaultConfigurationName = Release;
		};
		E50B765A20F2C537005218E5 /* Build configuration list for PBXNativeTarget "Easy Auto Layout" */ = {
			isa = XCConfigurationList;
			buildConfigurations = (
				E50B765B20F2C537005218E5 /* Debug */,
				E50B765C20F2C537005218E5 /* Release */,
			);
			defaultConfigurationIsVisible = 0;
			defaultConfigurationName = Release;
		};
		E50B765D20F2C537005218E5 /* Build configuration list for PBXNativeTarget "Easy Auto LayoutTests" */ = {
			isa = XCConfigurationList;
			buildConfigurations = (
				E50B765E20F2C537005218E5 /* Debug */,
				E50B765F20F2C537005218E5 /* Release */,
			);
			defaultConfigurationIsVisible = 0;
			defaultConfigurationName = Release;
		};
		E50B766020F2C537005218E5 /* Build configuration list for PBXNativeTarget "Easy Auto LayoutUITests" */ = {
			isa = XCConfigurationList;
			buildConfigurations = (
				E50B766120F2C537005218E5 /* Debug */,
				E50B766220F2C537005218E5 /* Release */,
			);
			defaultConfigurationIsVisible = 0;
			defaultConfigurationName = Release;
		};
/* End XCConfigurationList section */
	};
	rootObject = E50B762A20F2C533005218E5 /* Project object */;
}
